
Microsoft Visual Studio Solution File, Format Version 12.00
# Visual Studio Version 16
VisualStudioVersion = 16.0.30717.126
MinimumVisualStudioVersion = 10.0.40219.1
Project("{FAE04EC0-301F-11D3-BF4B-00C04F79EFBC}") = "AdventOfCode2020", "AdventOfCode2020\AdventOfCode2020.csproj", "{9F91DA51-547B-47C8-A412-6EB8BE56CD06}"
EndProject
Global
	GlobalSection(SolutionConfigurationPlatforms) = preSolution
		Debug|Any CPU = Debug|Any CPU
		Release|Any CPU = Release|Any CPU
	EndGlobalSection
	GlobalSection(ProjectConfigurationPlatforms) = postSolution
		{9F91DA51-547B-47C8-A412-6EB8BE56CD06}.Debug|Any CPU.ActiveCfg = Debug|Any CPU
		{9F91DA51-547B-47C8-A412-6EB8BE56CD06}.Debug|Any CPU.Build.0 = Debug|Any CPU
		{9F91DA51-547B-47C8-A412-6EB8BE56CD06}.Release|Any CPU.ActiveCfg = Release|Any CPU
		{9F91DA51-547B-47C8-A412-6EB8BE56CD06}.Release|Any CPU.Build.0 = Release|Any CPU
	EndGlobalSection
	GlobalSection(SolutionProperties) = preSolution
		HideSolutionNode = FALSE
	EndGlobalSection
	GlobalSection(ExtensibilityGlobals) = postSolution
		SolutionGuid = {F9A84295-46FE-47F0-B165-6A9E9F5AFE86}
	EndGlobalSection
EndGlobal
